<?xml version="1.0" encoding="utf-8"?>
<Project ToolsVersion="4.0" xmlns="http://schemas.microsoft.com/developer/msbuild/2003">
  <ItemGroup>
    <Filter Include="Source Files">
      <UniqueIdentifier>{4FC737F1-C7A5-4376-A066-2A32D752A2FF}</UniqueIdentifier>
      <Extensions>cpp;c;cc;cxx;def;odl;idl;hpj;bat;asm;asmx</Extensions>
    </Filter>
    <Filter Include="Resource Files">
      <UniqueIdentifier>{D9D6E242-F8AF-46E4-B9FD-80ECBC20BA3E}</UniqueIdentifier>
      <Extensions>qrc;*</Extensions>
      <ParseFiles>false</ParseFiles>
    </Filter>
    <Filter Include="Form Files">
      <UniqueIdentifier>{99349809-55BA-4b9d-BF79-8FDBB0286EB3}</UniqueIdentifier>
      <Extensions>ui</Extensions>
    </Filter>
    <Filter Include="Resource Files">
      <UniqueIdentifier>{D9D6E242-F8AF-46E4-B9FD-80ECBC20BA3E}</UniqueIdentifier>
      <Extensions>qrc;*</Extensions>
      <ParseFiles>false</ParseFiles>
    </Filter>
    <Filter Include="Generated Files">
      <UniqueIdentifier>{71ED8ED8-ACB9-4CE9-BBE1-E00B30144E11}</UniqueIdentifier>
      <Extensions>moc;h;cpp</Extensions>
      <SourceControlFiles>False</SourceControlFiles>
    </Filter>
    <Filter Include="Generated Files\Debug">
      <UniqueIdentifier>{c37fd31a-2c22-4499-a690-4ee513a7346d}</UniqueIdentifier>
      <Extensions>cpp;moc</Extensions>
      <SourceControlFiles>False</SourceControlFiles>
    </Filter>
    <Filter Include="Generated Files\Release">
      <UniqueIdentifier>{f4b4c878-64e1-46ad-af9d-3ff2ccb82935}</UniqueIdentifier>
      <Extensions>cpp;moc</Extensions>
      <SourceControlFiles>False</SourceControlFiles>
    </Filter>
    <Filter Include="View">
      <UniqueIdentifier>{07ea0ec6-c7ed-43ce-b808-d0f3294662c3}</UniqueIdentifier>
    </Filter>
    <Filter Include="Foundation">
      <UniqueIdentifier>{70b3420b-7937-413b-ad1c-b711ca8f734e}</UniqueIdentifier>
    </Filter>
    <Filter Include="BaseControlWidget">
      <UniqueIdentifier>{d22577e6-45a6-4614-817c-9cf0dfcf270f}</UniqueIdentifier>
    </Filter>
    <Filter Include="Foundation\BaseView">
      <UniqueIdentifier>{65363cfa-bb6c-4529-aec2-4bf84389f9eb}</UniqueIdentifier>
    </Filter>
    <Filter Include="Foundation\Menu">
      <UniqueIdentifier>{7be72580-7462-4801-8303-91a8a515fed4}</UniqueIdentifier>
    </Filter>
    <Filter Include="Header Files">
      <UniqueIdentifier>{93995380-89BD-4b04-88EB-625FBE52EBFB}</UniqueIdentifier>
      <Extensions>h;hh;hpp;hxx;hm;inl;inc;xsd</Extensions>
      <ParseFiles>true</ParseFiles>
    </Filter>
    <Filter Include="Translation Files">
      <UniqueIdentifier>{639EADAA-A684-42e4-A9AD-28FC9BCB8F7C}</UniqueIdentifier>
      <Extensions>ts</Extensions>
      <ParseFiles>false</ParseFiles>
    </Filter>
    <Filter Include="Translation Files\SDK">
      <UniqueIdentifier>{04c02909-8f08-4db8-acf4-52ed4f8db3e1}</UniqueIdentifier>
    </Filter>
  </ItemGroup>
  <ItemGroup>
    <ClCompile Include="main.cpp">
      <Filter>Source Files</Filter>
    </ClCompile>
    <ClCompile Include="stdafx.cpp">
      <Filter>Source Files</Filter>
    </ClCompile>
    <ClCompile Include="HAPPYPLAYER.cpp">
      <Filter>Source Files</Filter>
    </ClCompile>
    <ClCompile Include="GeneratedFiles\Debug\moc_HAPPYPLAYER.cpp">
      <Filter>Generated Files\Debug</Filter>
    </ClCompile>
    <ClCompile Include="GeneratedFiles\Release\moc_HAPPYPLAYER.cpp">
      <Filter>Generated Files\Release</Filter>
    </ClCompile>
    <ClCompile Include="GeneratedFiles\Debug\moc_TitleBar.cpp">
      <Filter>Generated Files\Debug</Filter>
    </ClCompile>
    <ClCompile Include="BaseControlWidget\TitleBar.cpp">
      <Filter>BaseControlWidget</Filter>
    </ClCompile>
    <ClCompile Include="GeneratedFiles\Debug\moc_BaseView.cpp">
      <Filter>Generated Files\Debug</Filter>
    </ClCompile>
    <ClCompile Include="GeneratedFiles\Release\moc_BaseView.cpp">
      <Filter>Generated Files\Release</Filter>
    </ClCompile>
    <ClCompile Include="Foundation\BaseView\BaseView.cpp">
      <Filter>Foundation\BaseView</Filter>
    </ClCompile>
    <ClCompile Include="GeneratedFiles\Debug\moc_ButtonForTitleBar.cpp">
      <Filter>Generated Files\Debug</Filter>
    </ClCompile>
    <ClCompile Include="GeneratedFiles\Release\moc_ButtonForTitleBar.cpp">
      <Filter>Generated Files\Release</Filter>
    </ClCompile>
    <ClCompile Include="BaseControlWidget\ButtonForTitleBar.cpp">
      <Filter>BaseControlWidget</Filter>
    </ClCompile>
    <ClCompile Include="GeneratedFiles\qrc_ButtonForTitleBar.cpp">
      <Filter>Generated Files</Filter>
    </ClCompile>
    <ClCompile Include="Foundation\CustomShadowEffect.cpp">
      <Filter>Foundation</Filter>
    </ClCompile>
    <ClCompile Include="GeneratedFiles\Debug\moc_CustomShadowEffect.cpp">
      <Filter>Generated Files\Debug</Filter>
    </ClCompile>
    <ClCompile Include="GeneratedFiles\Release\moc_CustomShadowEffect.cpp">
      <Filter>Generated Files\Release</Filter>
    </ClCompile>
    <ClCompile Include="GeneratedFiles\Debug\moc_MOON.cpp">
      <Filter>Generated Files\Debug</Filter>
    </ClCompile>
    <ClCompile Include="GeneratedFiles\Release\moc_MOON.cpp">
      <Filter>Generated Files\Release</Filter>
    </ClCompile>
    <ClCompile Include="BaseControlWidget\MOON.cpp">
      <Filter>BaseControlWidget</Filter>
    </ClCompile>
    <ClCompile Include="GeneratedFiles\qrc_WindowsControlButton.cpp">
      <Filter>Generated Files</Filter>
    </ClCompile>
    <ClCompile Include="Foundation\FoundationControl.h">
      <Filter>Foundation</Filter>
    </ClCompile>
    <ClCompile Include="GeneratedFiles\Debug\moc_Menu.cpp">
      <Filter>Generated Files\Debug</Filter>
    </ClCompile>
    <ClCompile Include="GeneratedFiles\Release\moc_Menu.cpp">
      <Filter>Generated Files\Release</Filter>
    </ClCompile>
    <ClCompile Include="BaseControlWidget\Menu.cpp">
      <Filter>Foundation\Menu</Filter>
    </ClCompile>
    <ClCompile Include="GeneratedFiles\qrc_Menu.cpp">
      <Filter>Generated Files</Filter>
    </ClCompile>
    <ClCompile Include="GeneratedFiles\Debug\moc_PlayerView.cpp">
      <Filter>Generated Files\Debug</Filter>
    </ClCompile>
    <ClCompile Include="GeneratedFiles\Release\moc_PlayerView.cpp">
      <Filter>Generated Files\Release</Filter>
    </ClCompile>
    <ClCompile Include="View\PlayerView.cpp">
      <Filter>View</Filter>
    </ClCompile>
    <ClCompile Include="common\common.cpp">
      <Filter>Translation Files\SDK</Filter>
    </ClCompile>
    <ClCompile Include="common\Config.cpp">
      <Filter>Translation Files\SDK</Filter>
    </ClCompile>
    <ClCompile Include="GeneratedFiles\Debug\moc_Config.cpp">
      <Filter>Generated Files\Debug</Filter>
    </ClCompile>
    <ClCompile Include="GeneratedFiles\Release\moc_Config.cpp">
      <Filter>Generated Files\Release</Filter>
    </ClCompile>
    <ClCompile Include="common\qoptions.cpp">
      <Filter>Translation Files\SDK</Filter>
    </ClCompile>
    <ClCompile Include="common\ScreenSaver.cpp">
      <Filter>Translation Files\SDK</Filter>
    </ClCompile>
    <ClCompile Include="GeneratedFiles\Debug\moc_ScreenSaver.cpp">
      <Filter>Generated Files\Debug</Filter>
    </ClCompile>
    <ClCompile Include="GeneratedFiles\Release\moc_ScreenSaver.cpp">
      <Filter>Generated Files\Release</Filter>
    </ClCompile>
    <ClCompile Include="GeneratedFiles\qrc_icon.cpp">
      <Filter>Generated Files</Filter>
    </ClCompile>
    <ClCompile Include="GeneratedFiles\Debug\moc_AboutView.cpp">
      <Filter>Generated Files\Debug</Filter>
    </ClCompile>
    <ClCompile Include="GeneratedFiles\Release\moc_AboutView.cpp">
      <Filter>Generated Files\Release</Filter>
    </ClCompile>
    <ClCompile Include="View\AboutView.cpp">
      <Filter>View</Filter>
    </ClCompile>
    <ClCompile Include="GeneratedFiles\qrc_AboutView.cpp">
      <Filter>Generated Files</Filter>
    </ClCompile>
    <ClCompile Include="GeneratedFiles\Debug\moc_IconButton.cpp">
      <Filter>Generated Files\Debug</Filter>
    </ClCompile>
    <ClCompile Include="GeneratedFiles\Release\moc_IconButton.cpp">
      <Filter>Generated Files\Release</Filter>
    </ClCompile>
    <ClCompile Include="BaseControlWidget\IconButton.cpp">
      <Filter>BaseControlWidget</Filter>
    </ClCompile>
    <ClCompile Include="GeneratedFiles\Debug\moc_OverlayWidget.cpp">
      <Filter>Generated Files\Debug</Filter>
    </ClCompile>
    <ClCompile Include="GeneratedFiles\Release\moc_OverlayWidget.cpp">
      <Filter>Generated Files\Release</Filter>
    </ClCompile>
    <ClCompile Include="Foundation\OverlayWidget.cpp">
      <Filter>Foundation</Filter>
    </ClCompile>
  </ItemGroup>
  <ItemGroup>
    <ClInclude Include="Foundation\WindowCompositionAttribute.h">
      <Filter>Foundation</Filter>
    </ClInclude>
    <ClInclude Include="stdafx.h">
      <Filter>Header Files</Filter>
    </ClInclude>
    <ClInclude Include="common\common.h">
      <Filter>Translation Files\SDK</Filter>
    </ClInclude>
    <ClInclude Include="common\common_export.h">
      <Filter>Translation Files\SDK</Filter>
    </ClInclude>
    <ClInclude Include="common\qoptions.h">
      <Filter>Translation Files\SDK</Filter>
    </ClInclude>
    <ClInclude Include="GeneratedFiles\ui_AboutView.h">
      <Filter>Generated Files</Filter>
    </ClInclude>
  </ItemGroup>
  <ItemGroup>
    <CustomBuild Include="BaseControlWidget\TitleBar.h">
      <Filter>BaseControlWidget</Filter>
    </CustomBuild>
    <CustomBuild Include="Foundation\BaseView\BaseView.h">
      <Filter>Foundation\BaseView</Filter>
    </CustomBuild>
    <CustomBuild Include="BaseControlWidget\ButtonForTitleBar.h">
      <Filter>BaseControlWidget</Filter>
    </CustomBuild>
    <CustomBuild Include="Foundation\CustomShadowEffect.h">
      <Filter>Foundation</Filter>
    </CustomBuild>
    <CustomBuild Include="BaseControlWidget\MOON.h">
      <Filter>BaseControlWidget</Filter>
    </CustomBuild>
    <CustomBuild Include="Resources\WindowsControlButton.qrc">
      <Filter>Resource Files</Filter>
    </CustomBuild>
    <CustomBuild Include="BaseControlWidget\Menu.h">
      <Filter>Foundation\Menu</Filter>
    </CustomBuild>
    <CustomBuild Include="Resources\Res_Menu\Menu.qrc">
      <Filter>Resource Files</Filter>
    </CustomBuild>
    <CustomBuild Include="View\PlayerView.h">
      <Filter>View</Filter>
    </CustomBuild>
    <CustomBuild Include="HAPPYPLAYER.h">
      <Filter>Header Files</Filter>
    </CustomBuild>
    <CustomBuild Include="common\Config.h">
      <Filter>Translation Files\SDK</Filter>
    </CustomBuild>
    <CustomBuild Include="common\ScreenSaver.h">
      <Filter>Translation Files\SDK</Filter>
    </CustomBuild>
    <CustomBuild Include="icon.qrc">
      <Filter>Resource Files</Filter>
    </CustomBuild>
    <CustomBuild Include="Resources\ButtonForTitleBar.qrc">
      <Filter>Resource Files</Filter>
    </CustomBuild>
    <CustomBuild Include="View\AboutView.ui">
      <Filter>Form Files</Filter>
    </CustomBuild>
    <CustomBuild Include="View\AboutView.h">
      <Filter>View</Filter>
    </CustomBuild>
    <CustomBuild Include="Resources\AboutView.qrc">
      <Filter>Resource Files</Filter>
    </CustomBuild>
    <CustomBuild Include="BaseControlWidget\IconButton.h">
      <Filter>BaseControlWidget</Filter>
    </CustomBuild>
    <CustomBuild Include="Foundation\OverlayWidget.h">
      <Filter>Foundation</Filter>
    </CustomBuild>
  </ItemGroup>
  <ItemGroup>
    <ResourceCompile Include="HAPPYPLAYER.rc" />
  </ItemGroup>
  <ItemGroup>
    <None Include="happyplayer_zh.ts">
      <Filter>Translation Files</Filter>
    </None>
    <None Include="cpp.hint" />
  </ItemGroup>
  <ItemGroup>
    <Image Include="Resources\logo150.png">
      <Filter>Resource Files</Filter>
    </Image>
  </ItemGroup>
</Project>