<?xml version="1.0" encoding="utf-8"?>
<Project ToolsVersion="4.0" xmlns="http://schemas.microsoft.com/developer/msbuild/2003">
  <ItemGroup>
    <Filter Include="Source Files">
      <UniqueIdentifier>{4FC737F1-C7A5-4376-A066-2A32D752A2FF}</UniqueIdentifier>
      <Extensions>cpp;c;cc;cxx;def;odl;idl;hpj;bat;asm;asmx</Extensions>
    </Filter>
    <Filter Include="Header Files">
      <UniqueIdentifier>{93995380-89BD-4b04-88EB-625FBE52EBFB}</UniqueIdentifier>
      <Extensions>h;hh;hpp;hxx;hm;inl;inc;xsd</Extensions>
    </Filter>
    <Filter Include="Resource Files">
      <UniqueIdentifier>{D9D6E242-F8AF-46E4-B9FD-80ECBC20BA3E}</UniqueIdentifier>
      <Extensions>qrc;*</Extensions>
      <ParseFiles>false</ParseFiles>
    </Filter>
    <Filter Include="Form Files">
      <UniqueIdentifier>{99349809-55BA-4b9d-BF79-8FDBB0286EB3}</UniqueIdentifier>
      <Extensions>ui</Extensions>
    </Filter>
    <Filter Include="Resource Files">
      <UniqueIdentifier>{D9D6E242-F8AF-46E4-B9FD-80ECBC20BA3E}</UniqueIdentifier>
      <Extensions>qrc;*</Extensions>
      <ParseFiles>false</ParseFiles>
    </Filter>
    <Filter Include="Generated Files">
      <UniqueIdentifier>{71ED8ED8-ACB9-4CE9-BBE1-E00B30144E11}</UniqueIdentifier>
      <Extensions>moc;h;cpp</Extensions>
      <SourceControlFiles>False</SourceControlFiles>
    </Filter>
    <Filter Include="Generated Files\Debug">
      <UniqueIdentifier>{c37fd31a-2c22-4499-a690-4ee513a7346d}</UniqueIdentifier>
      <Extensions>cpp;moc</Extensions>
      <SourceControlFiles>False</SourceControlFiles>
    </Filter>
    <Filter Include="Generated Files\Release">
      <UniqueIdentifier>{f4b4c878-64e1-46ad-af9d-3ff2ccb82935}</UniqueIdentifier>
      <Extensions>cpp;moc</Extensions>
      <SourceControlFiles>False</SourceControlFiles>
    </Filter>
    <Filter Include="View">
      <UniqueIdentifier>{07ea0ec6-c7ed-43ce-b808-d0f3294662c3}</UniqueIdentifier>
    </Filter>
    <Filter Include="Foundation">
      <UniqueIdentifier>{70b3420b-7937-413b-ad1c-b711ca8f734e}</UniqueIdentifier>
    </Filter>
    <Filter Include="BaseControlWidget">
      <UniqueIdentifier>{d22577e6-45a6-4614-817c-9cf0dfcf270f}</UniqueIdentifier>
    </Filter>
    <Filter Include="Foundation\BaseView">
      <UniqueIdentifier>{65363cfa-bb6c-4529-aec2-4bf84389f9eb}</UniqueIdentifier>
    </Filter>
  </ItemGroup>
  <ItemGroup>
    <ClCompile Include="main.cpp">
      <Filter>Source Files</Filter>
    </ClCompile>
    <ClCompile Include="stdafx.cpp">
      <Filter>Source Files</Filter>
    </ClCompile>
    <ClCompile Include="HAPPYPLAYER.cpp">
      <Filter>Source Files</Filter>
    </ClCompile>
    <ClCompile Include="GeneratedFiles\Debug\moc_HAPPYPLAYER.cpp">
      <Filter>Generated Files\Debug</Filter>
    </ClCompile>
    <ClCompile Include="GeneratedFiles\Release\moc_HAPPYPLAYER.cpp">
      <Filter>Generated Files\Release</Filter>
    </ClCompile>
    <ClCompile Include="GeneratedFiles\qrc_HAPPYPLAYER.cpp">
      <Filter>Generated Files</Filter>
    </ClCompile>
    <ClCompile Include="GeneratedFiles\Debug\moc_TitleBar.cpp">
      <Filter>Generated Files\Debug</Filter>
    </ClCompile>
    <ClCompile Include="GeneratedFiles\Release\moc_TitleBar.cpp">
      <Filter>Generated Files\Release</Filter>
    </ClCompile>
    <ClCompile Include="BaseControlWidget\TitleBar.cpp">
      <Filter>BaseControlWidget</Filter>
    </ClCompile>
    <ClCompile Include="GeneratedFiles\Debug\moc_BaseView.cpp">
      <Filter>Generated Files\Debug</Filter>
    </ClCompile>
    <ClCompile Include="GeneratedFiles\Release\moc_BaseView.cpp">
      <Filter>Generated Files\Release</Filter>
    </ClCompile>
    <ClCompile Include="Foundation\BaseView\BaseView.cpp">
      <Filter>Foundation\BaseView</Filter>
    </ClCompile>
    <ClCompile Include="GeneratedFiles\Debug\moc_ButtonForTitleBar.cpp">
      <Filter>Generated Files\Debug</Filter>
    </ClCompile>
    <ClCompile Include="GeneratedFiles\Release\moc_ButtonForTitleBar.cpp">
      <Filter>Generated Files\Release</Filter>
    </ClCompile>
    <ClCompile Include="BaseControlWidget\ButtonForTitleBar.cpp">
      <Filter>BaseControlWidget</Filter>
    </ClCompile>
    <ClCompile Include="GeneratedFiles\qrc_ButtonForTitleBar.cpp">
      <Filter>Generated Files</Filter>
    </ClCompile>
    <ClCompile Include="Foundation\CustomShadowEffect.cpp">
      <Filter>Foundation</Filter>
    </ClCompile>
    <ClCompile Include="GeneratedFiles\Debug\moc_CustomShadowEffect.cpp">
      <Filter>Generated Files\Debug</Filter>
    </ClCompile>
    <ClCompile Include="GeneratedFiles\Release\moc_CustomShadowEffect.cpp">
      <Filter>Generated Files\Release</Filter>
    </ClCompile>
    <ClCompile Include="GeneratedFiles\Debug\moc_MOON.cpp">
      <Filter>Generated Files\Debug</Filter>
    </ClCompile>
    <ClCompile Include="GeneratedFiles\Release\moc_MOON.cpp">
      <Filter>Generated Files\Release</Filter>
    </ClCompile>
    <ClCompile Include="BaseControlWidget\MOON.cpp">
      <Filter>BaseControlWidget</Filter>
    </ClCompile>
  </ItemGroup>
  <ItemGroup>
    <ClInclude Include="stdafx.h">
      <Filter>Header Files</Filter>
    </ClInclude>
    <ClInclude Include="Foundation\WindowCompositionAttribute.h">
      <Filter>Foundation</Filter>
    </ClInclude>
  </ItemGroup>
  <ItemGroup>
    <CustomBuild Include="HAPPYPLAYER.h">
      <Filter>Header Files</Filter>
    </CustomBuild>
    <CustomBuild Include="HAPPYPLAYER.qrc">
      <Filter>Resource Files</Filter>
    </CustomBuild>
    <CustomBuild Include="BaseControlWidget\TitleBar.h">
      <Filter>BaseControlWidget</Filter>
    </CustomBuild>
    <CustomBuild Include="Foundation\BaseView\BaseView.h">
      <Filter>Foundation\BaseView</Filter>
    </CustomBuild>
    <CustomBuild Include="BaseControlWidget\ButtonForTitleBar.h">
      <Filter>BaseControlWidget</Filter>
    </CustomBuild>
    <CustomBuild Include="Resources\ButtonForTitleBar.qrc">
      <Filter>BaseControlWidget</Filter>
    </CustomBuild>
    <CustomBuild Include="Foundation\CustomShadowEffect.h">
      <Filter>Foundation</Filter>
    </CustomBuild>
    <CustomBuild Include="BaseControlWidget\MOON.h">
      <Filter>BaseControlWidget</Filter>
    </CustomBuild>
  </ItemGroup>
  <ItemGroup>
    <ResourceCompile Include="HAPPYPLAYER.rc" />
  </ItemGroup>
</Project>